
Microsoft Visual Studio Solution File, Format Version 12.00
# Visual Studio Version 17
VisualStudioVersion = 17.5.002.0
MinimumVisualStudioVersion = 10.0.40219.1
Project("{9A19103F-16F7-4668-BE54-9A1E7A4F7556}") = "AuthECAPI", "AuthECAPI.csproj", "{18B9E960-BCD9-4731-8439-8E61BD2AAE59}"
EndProject
Global
	GlobalSection(SolutionConfigurationPlatforms) = preSolution
		Debug|Any CPU = Debug|Any CPU
		Release|Any CPU = Release|Any CPU
	EndGlobalSection
	GlobalSection(ProjectConfigurationPlatforms) = postSolution
		{18B9E960-BCD9-4731-8439-8E61BD2AAE59}.Debug|Any CPU.ActiveCfg = Debug|Any CPU
		{18B9E960-BCD9-4731-8439-8E61BD2AAE59}.Debug|Any CPU.Build.0 = Debug|Any CPU
		{18B9E960-BCD9-4731-8439-8E61BD2AAE59}.Release|Any CPU.ActiveCfg = Release|Any CPU
		{18B9E960-BCD9-4731-8439-8E61BD2AAE59}.Release|Any CPU.Build.0 = Release|Any CPU
	EndGlobalSection
	GlobalSection(SolutionProperties) = preSolution
		HideSolutionNode = FALSE
	EndGlobalSection
	GlobalSection(ExtensibilityGlobals) = postSolution
		SolutionGuid = {460B156C-A224-432F-823C-B30F5C5D43BD}
	EndGlobalSection
EndGlobal
